// !$*UTF8*$!
{
	archiveVersion = 1;
	classes = {
	};
	objectVersion = 50;
	objects = {

/* Begin PBXBuildFile section */
		5E04681C255AE48B0056969A /* SharingsListViewController.swift in Sources */ = {isa = PBXBuildFile; fileRef = 5E04681B255AE48B0056969A /* SharingsListViewController.swift */; };
		5E26FBDC254B354400498EC7 /* AppDelegate.swift in Sources */ = {isa = PBXBuildFile; fileRef = 5E26FBDB254B354400498EC7 /* AppDelegate.swift */; };
		5E26FBE0254B354400498EC7 /* SuffixesListViewController.swift in Sources */ = {isa = PBXBuildFile; fileRef = 5E26FBDF254B354400498EC7 /* SuffixesListViewController.swift */; };
		5E26FBE3254B354400498EC7 /* Main.storyboard in Resources */ = {isa = PBXBuildFile; fileRef = 5E26FBE1254B354400498EC7 /* Main.storyboard */; };
		5E26FBE5254B354600498EC7 /* Assets.xcassets in Resources */ = {isa = PBXBuildFile; fileRef = 5E26FBE4254B354600498EC7 /* Assets.xcassets */; };
		5E26FBE8254B354600498EC7 /* LaunchScreen.storyboard in Resources */ = {isa = PBXBuildFile; fileRef = 5E26FBE6254B354600498EC7 /* LaunchScreen.storyboard */; };
		5E26FBF2254B358600498EC7 /* SuffixSequence.swift in Sources */ = {isa = PBXBuildFile; fileRef = 5E26FBF1254B358600498EC7 /* SuffixSequence.swift */; };
		5E26FBF6254B484C00498EC7 /* SuffixArrayManipulator.swift in Sources */ = {isa = PBXBuildFile; fileRef = 5E26FBF5254B484C00498EC7 /* SuffixArrayManipulator.swift */; };
		5E26FBF9254B48B600498EC7 /* SuffixStruct.swift in Sources */ = {isa = PBXBuildFile; fileRef = 5E26FBF8254B48B600498EC7 /* SuffixStruct.swift */; };
		5E26FC1D254DB37E00498EC7 /* ShareViewController.swift in Sources */ = {isa = PBXBuildFile; fileRef = 5E26FC1C254DB37E00498EC7 /* ShareViewController.swift */; };
		5E26FC20254DB37E00498EC7 /* MainInterface.storyboard in Resources */ = {isa = PBXBuildFile; fileRef = 5E26FC1E254DB37E00498EC7 /* MainInterface.storyboard */; };
		5E26FC24254DB37E00498EC7 /* ShareText.appex in Embed App Extensions */ = {isa = PBXBuildFile; fileRef = 5E26FC1A254DB37E00498EC7 /* ShareText.appex */; settings = {ATTRIBUTES = (RemoveHeadersOnCopy, ); }; };
/* End PBXBuildFile section */

/* Begin PBXContainerItemProxy section */
		5E26FC22254DB37E00498EC7 /* PBXContainerItemProxy */ = {
			isa = PBXContainerItemProxy;
			containerPortal = 5E26FBD0254B354400498EC7 /* Project object */;
			proxyType = 1;
			remoteGlobalIDString = 5E26FC19254DB37E00498EC7;
			remoteInfo = ShareText;
		};
/* End PBXContainerItemProxy section */

/* Begin PBXCopyFilesBuildPhase section */
		5E26FC28254DB37E00498EC7 /* Embed App Extensions */ = {
			isa = PBXCopyFilesBuildPhase;
			buildActionMask = 2147483647;
			dstPath = "";
			dstSubfolderSpec = 13;
			files = (
				5E26FC24254DB37E00498EC7 /* ShareText.appex in Embed App Extensions */,
			);
			name = "Embed App Extensions";
			runOnlyForDeploymentPostprocessing = 0;
		};
/* End PBXCopyFilesBuildPhase section */

/* Begin PBXFileReference section */
		5E04681B255AE48B0056969A /* SharingsListViewController.swift */ = {isa = PBXFileReference; lastKnownFileType = sourcecode.swift; path = SharingsListViewController.swift; sourceTree = "<group>"; };
		5E26FBD8254B354400498EC7 /* OtusHW13.app */ = {isa = PBXFileReference; explicitFileType = wrapper.application; includeInIndex = 0; path = OtusHW13.app; sourceTree = BUILT_PRODUCTS_DIR; };
		5E26FBDB254B354400498EC7 /* AppDelegate.swift */ = {isa = PBXFileReference; lastKnownFileType = sourcecode.swift; path = AppDelegate.swift; sourceTree = "<group>"; };
		5E26FBDF254B354400498EC7 /* SuffixesListViewController.swift */ = {isa = PBXFileReference; lastKnownFileType = sourcecode.swift; path = SuffixesListViewController.swift; sourceTree = "<group>"; };
		5E26FBE2254B354400498EC7 /* Base */ = {isa = PBXFileReference; lastKnownFileType = file.storyboard; name = Base; path = Base.lproj/Main.storyboard; sourceTree = "<group>"; };
		5E26FBE4254B354600498EC7 /* Assets.xcassets */ = {isa = PBXFileReference; lastKnownFileType = folder.assetcatalog; path = Assets.xcassets; sourceTree = "<group>"; };
		5E26FBE7254B354600498EC7 /* Base */ = {isa = PBXFileReference; lastKnownFileType = file.storyboard; name = Base; path = Base.lproj/LaunchScreen.storyboard; sourceTree = "<group>"; };
		5E26FBE9254B354600498EC7 /* Info.plist */ = {isa = PBXFileReference; lastKnownFileType = text.plist.xml; path = Info.plist; sourceTree = "<group>"; };
		5E26FBF1254B358600498EC7 /* SuffixSequence.swift */ = {isa = PBXFileReference; lastKnownFileType = sourcecode.swift; path = SuffixSequence.swift; sourceTree = "<group>"; };
		5E26FBF5254B484C00498EC7 /* SuffixArrayManipulator.swift */ = {isa = PBXFileReference; lastKnownFileType = sourcecode.swift; path = SuffixArrayManipulator.swift; sourceTree = "<group>"; };
		5E26FBF8254B48B600498EC7 /* SuffixStruct.swift */ = {isa = PBXFileReference; lastKnownFileType = sourcecode.swift; path = SuffixStruct.swift; sourceTree = "<group>"; };
		5E26FC1A254DB37E00498EC7 /* ShareText.appex */ = {isa = PBXFileReference; explicitFileType = "wrapper.app-extension"; includeInIndex = 0; path = ShareText.appex; sourceTree = BUILT_PRODUCTS_DIR; };
		5E26FC1C254DB37E00498EC7 /* ShareViewController.swift */ = {isa = PBXFileReference; lastKnownFileType = sourcecode.swift; path = ShareViewController.swift; sourceTree = "<group>"; };
		5E26FC1F254DB37E00498EC7 /* Base */ = {isa = PBXFileReference; lastKnownFileType = file.storyboard; name = Base; path = Base.lproj/MainInterface.storyboard; sourceTree = "<group>"; };
		5E26FC21254DB37E00498EC7 /* Info.plist */ = {isa = PBXFileReference; lastKnownFileType = text.plist.xml; path = Info.plist; sourceTree = "<group>"; };
		5E26FC2F254EFEDB00498EC7 /* ShareText.entitlements */ = {isa = PBXFileReference; lastKnownFileType = text.plist.entitlements; path = ShareText.entitlements; sourceTree = "<group>"; };
		5E26FC32254EFF2900498EC7 /* OtusHW13.entitlements */ = {isa = PBXFileReference; lastKnownFileType = text.plist.entitlements; path = OtusHW13.entitlements; sourceTree = "<group>"; };
/* End PBXFileReference section */

/* Begin PBXFrameworksBuildPhase section */
		5E26FBD5254B354400498EC7 /* Frameworks */ = {
			isa = PBXFrameworksBuildPhase;
			buildActionMask = 2147483647;
			files = (
			);
			runOnlyForDeploymentPostprocessing = 0;
		};
		5E26FC17254DB37E00498EC7 /* Frameworks */ = {
			isa = PBXFrameworksBuildPhase;
			buildActionMask = 2147483647;
			files = (
			);
			runOnlyForDeploymentPostprocessing = 0;
		};
/* End PBXFrameworksBuildPhase section */

/* Begin PBXGroup section */
		5E046812255AE3FD0056969A /* ViewControllers */ = {
			isa = PBXGroup;
			children = (
				5E26FBDF254B354400498EC7 /* SuffixesListViewController.swift */,
				5E04681B255AE48B0056969A /* SharingsListViewController.swift */,
			);
			path = ViewControllers;
			sourceTree = "<group>";
		};
		5E046813255AE40D0056969A /* Application */ = {
			isa = PBXGroup;
			children = (
				5E26FBE4254B354600498EC7 /* Assets.xcassets */,
				5E26FC32254EFF2900498EC7 /* OtusHW13.entitlements */,
				5E26FBDB254B354400498EC7 /* AppDelegate.swift */,
				5E26FBE9254B354600498EC7 /* Info.plist */,
			);
			path = Application;
			sourceTree = "<group>";
		};
		5E046814255AE4210056969A /* Storyboards */ = {
			isa = PBXGroup;
			children = (
				5E26FBE6254B354600498EC7 /* LaunchScreen.storyboard */,
				5E26FBE1254B354400498EC7 /* Main.storyboard */,
			);
			path = Storyboards;
			sourceTree = "<group>";
		};
		5E26FBCF254B354400498EC7 = {
			isa = PBXGroup;
			children = (
				5E26FBDA254B354400498EC7 /* OtusHW13 */,
				5E26FC1B254DB37E00498EC7 /* ShareText */,
				5E26FBD9254B354400498EC7 /* Products */,
			);
			sourceTree = "<group>";
		};
		5E26FBD9254B354400498EC7 /* Products */ = {
			isa = PBXGroup;
			children = (
				5E26FBD8254B354400498EC7 /* OtusHW13.app */,
				5E26FC1A254DB37E00498EC7 /* ShareText.appex */,
			);
			name = Products;
			sourceTree = "<group>";
		};
		5E26FBDA254B354400498EC7 /* OtusHW13 */ = {
			isa = PBXGroup;
			children = (
				5E046813255AE40D0056969A /* Application */,
				5E26FBF0254B355600498EC7 /* Model */,
				5E046814255AE4210056969A /* Storyboards */,
				5E046812255AE3FD0056969A /* ViewControllers */,
			);
			path = OtusHW13;
			sourceTree = "<group>";
		};
		5E26FBF0254B355600498EC7 /* Model */ = {
			isa = PBXGroup;
			children = (
				5E26FBF1254B358600498EC7 /* SuffixSequence.swift */,
				5E26FBF5254B484C00498EC7 /* SuffixArrayManipulator.swift */,
				5E26FBF8254B48B600498EC7 /* SuffixStruct.swift */,
			);
			path = Model;
			sourceTree = "<group>";
		};
		5E26FC1B254DB37E00498EC7 /* ShareText */ = {
			isa = PBXGroup;
			children = (
				5E26FC2F254EFEDB00498EC7 /* ShareText.entitlements */,
				5E26FC1C254DB37E00498EC7 /* ShareViewController.swift */,
				5E26FC1E254DB37E00498EC7 /* MainInterface.storyboard */,
				5E26FC21254DB37E00498EC7 /* Info.plist */,
			);
			path = ShareText;
			sourceTree = "<group>";
		};
/* End PBXGroup section */

/* Begin PBXNativeTarget section */
		5E26FBD7254B354400498EC7 /* OtusHW13 */ = {
			isa = PBXNativeTarget;
			buildConfigurationList = 5E26FBEC254B354600498EC7 /* Build configuration list for PBXNativeTarget "OtusHW13" */;
			buildPhases = (
				5E26FBD4254B354400498EC7 /* Sources */,
				5E26FBD5254B354400498EC7 /* Frameworks */,
				5E26FBD6254B354400498EC7 /* Resources */,
				5E26FC28254DB37E00498EC7 /* Embed App Extensions */,
			);
			buildRules = (
			);
			dependencies = (
				5E26FC23254DB37E00498EC7 /* PBXTargetDependency */,
			);
			name = OtusHW13;
			productName = OtusHW13;
			productReference = 5E26FBD8254B354400498EC7 /* OtusHW13.app */;
			productType = "com.apple.product-type.application";
		};
		5E26FC19254DB37E00498EC7 /* ShareText */ = {
			isa = PBXNativeTarget;
			buildConfigurationList = 5E26FC25254DB37E00498EC7 /* Build configuration list for PBXNativeTarget "ShareText" */;
			buildPhases = (
				5E26FC16254DB37E00498EC7 /* Sources */,
				5E26FC17254DB37E00498EC7 /* Frameworks */,
				5E26FC18254DB37E00498EC7 /* Resources */,
			);
			buildRules = (
			);
			dependencies = (
			);
			name = ShareText;
			productName = ShareText;
			productReference = 5E26FC1A254DB37E00498EC7 /* ShareText.appex */;
			productType = "com.apple.product-type.app-extension";
		};
/* End PBXNativeTarget section */

/* Begin PBXProject section */
		5E26FBD0254B354400498EC7 /* Project object */ = {
			isa = PBXProject;
			attributes = {
				LastSwiftUpdateCheck = 1210;
				LastUpgradeCheck = 1210;
				TargetAttributes = {
					5E26FBD7254B354400498EC7 = {
						CreatedOnToolsVersion = 12.1;
					};
					5E26FC19254DB37E00498EC7 = {
						CreatedOnToolsVersion = 12.1;
					};
				};
			};
			buildConfigurationList = 5E26FBD3254B354400498EC7 /* Build configuration list for PBXProject "OtusHW13" */;
			compatibilityVersion = "Xcode 9.3";
			developmentRegion = en;
			hasScannedForEncodings = 0;
			knownRegions = (
				en,
				Base,
			);
			mainGroup = 5E26FBCF254B354400498EC7;
			productRefGroup = 5E26FBD9254B354400498EC7 /* Products */;
			projectDirPath = "";
			projectRoot = "";
			targets = (
				5E26FBD7254B354400498EC7 /* OtusHW13 */,
				5E26FC19254DB37E00498EC7 /* ShareText */,
			);
		};
/* End PBXProject section */

/* Begin PBXResourcesBuildPhase section */
		5E26FBD6254B354400498EC7 /* Resources */ = {
			isa = PBXResourcesBuildPhase;
			buildActionMask = 2147483647;
			files = (
				5E26FBE8254B354600498EC7 /* LaunchScreen.storyboard in Resources */,
				5E26FBE5254B354600498EC7 /* Assets.xcassets in Resources */,
				5E26FBE3254B354400498EC7 /* Main.storyboard in Resources */,
			);
			runOnlyForDeploymentPostprocessing = 0;
		};
		5E26FC18254DB37E00498EC7 /* Resources */ = {
			isa = PBXResourcesBuildPhase;
			buildActionMask = 2147483647;
			files = (
				5E26FC20254DB37E00498EC7 /* MainInterface.storyboard in Resources */,
			);
			runOnlyForDeploymentPostprocessing = 0;
		};
/* End PBXResourcesBuildPhase section */

/* Begin PBXSourcesBuildPhase section */
		5E26FBD4254B354400498EC7 /* Sources */ = {
			isa = PBXSourcesBuildPhase;
			buildActionMask = 2147483647;
			files = (
				5E26FBF6254B484C00498EC7 /* SuffixArrayManipulator.swift in Sources */,
				5E26FBE0254B354400498EC7 /* SuffixesListViewController.swift in Sources */,
				5E26FBF9254B48B600498EC7 /* SuffixStruct.swift in Sources */,
				5E26FBF2254B358600498EC7 /* SuffixSequence.swift in Sources */,
				5E26FBDC254B354400498EC7 /* AppDelegate.swift in Sources */,
				5E04681C255AE48B0056969A /* SharingsListViewController.swift in Sources */,
			);
			runOnlyForDeploymentPostprocessing = 0;
		};
		5E26FC16254DB37E00498EC7 /* Sources */ = {
			isa = PBXSourcesBuildPhase;
			buildActionMask = 2147483647;
			files = (
				5E26FC1D254DB37E00498EC7 /* ShareViewController.swift in Sources */,
			);
			runOnlyForDeploymentPostprocessing = 0;
		};
/* End PBXSourcesBuildPhase section */

/* Begin PBXTargetDependency section */
		5E26FC23254DB37E00498EC7 /* PBXTargetDependency */ = {
			isa = PBXTargetDependency;
			target = 5E26FC19254DB37E00498EC7 /* ShareText */;
			targetProxy = 5E26FC22254DB37E00498EC7 /* PBXContainerItemProxy */;
		};
/* End PBXTargetDependency section */

/* Begin PBXVariantGroup section */
		5E26FBE1254B354400498EC7 /* Main.storyboard */ = {
			isa = PBXVariantGroup;
			children = (
				5E26FBE2254B354400498EC7 /* Base */,
			);
			name = Main.storyboard;
			sourceTree = "<group>";
		};
		5E26FBE6254B354600498EC7 /* LaunchScreen.storyboard */ = {
			isa = PBXVariantGroup;
			children = (
				5E26FBE7254B354600498EC7 /* Base */,
			);
			name = LaunchScreen.storyboard;
			sourceTree = "<group>";
		};
		5E26FC1E254DB37E00498EC7 /* MainInterface.storyboard */ = {
			isa = PBXVariantGroup;
			children = (
				5E26FC1F254DB37E00498EC7 /* Base */,
			);
			name = MainInterface.storyboard;
			sourceTree = "<group>";
		};
/* End PBXVariantGroup section */

/* Begin XCBuildConfiguration section */
		5E26FBEA254B354600498EC7 /* Debug */ = {
			isa = XCBuildConfiguration;
			buildSettings = {
				ALWAYS_SEARCH_USER_PATHS = NO;
				CLANG_ANALYZER_NONNULL = YES;
				CLANG_ANALYZER_NUMBER_OBJECT_CONVERSION = YES_AGGRESSIVE;
				CLANG_CXX_LANGUAGE_STANDARD = "gnu++14";
				CLANG_CXX_LIBRARY = "libc++";
				CLANG_ENABLE_MODULES = YES;
				CLANG_ENABLE_OBJC_ARC = YES;
				CLANG_ENABLE_OBJC_WEAK = YES;
				CLANG_WARN_BLOCK_CAPTURE_AUTORELEASING = YES;
				CLANG_WARN_BOOL_CONVERSION = YES;
				CLANG_WARN_COMMA = YES;
				CLANG_WARN_CONSTANT_CONVERSION = YES;
				CLANG_WARN_DEPRECATED_OBJC_IMPLEMENTATIONS = YES;
				CLANG_WARN_DIRECT_OBJC_ISA_USAGE = YES_ERROR;
				CLANG_WARN_DOCUMENTATION_COMMENTS = YES;
				CLANG_WARN_EMPTY_BODY = YES;
				CLANG_WARN_ENUM_CONVERSION = YES;
				CLANG_WARN_INFINITE_RECURSION = YES;
				CLANG_WARN_INT_CONVERSION = YES;
				CLANG_WARN_NON_LITERAL_NULL_CONVERSION = YES;
				CLANG_WARN_OBJC_IMPLICIT_RETAIN_SELF = YES;
				CLANG_WARN_OBJC_LITERAL_CONVERSION = YES;
				CLANG_WARN_OBJC_ROOT_CLASS = YES_ERROR;
				CLANG_WARN_QUOTED_INCLUDE_IN_FRAMEWORK_HEADER = YES;
				CLANG_WARN_RANGE_LOOP_ANALYSIS = YES;
				CLANG_WARN_STRICT_PROTOTYPES = YES;
				CLANG_WARN_SUSPICIOUS_MOVE = YES;
				CLANG_WARN_UNGUARDED_AVAILABILITY = YES_AGGRESSIVE;
				CLANG_WARN_UNREACHABLE_CODE = YES;
				CLANG_WARN__DUPLICATE_METHOD_MATCH = YES;
				COPY_PHASE_STRIP = NO;
				DEBUG_INFORMATION_FORMAT = dwarf;
				ENABLE_STRICT_OBJC_MSGSEND = YES;
				ENABLE_TESTABILITY = YES;
				GCC_C_LANGUAGE_STANDARD = gnu11;
				GCC_DYNAMIC_NO_PIC = NO;
				GCC_NO_COMMON_BLOCKS = YES;
				GCC_OPTIMIZATION_LEVEL = 0;
				GCC_PREPROCESSOR_DEFINITIONS = (
					"DEBUG=1",
					"$(inherited)",
				);
				GCC_WARN_64_TO_32_BIT_CONVERSION = YES;
				GCC_WARN_ABOUT_RETURN_TYPE = YES_ERROR;
				GCC_WARN_UNDECLARED_SELECTOR = YES;
				GCC_WARN_UNINITIALIZED_AUTOS = YES_AGGRESSIVE;
				GCC_WARN_UNUSED_FUNCTION = YES;
				GCC_WARN_UNUSED_VARIABLE = YES;
				IPHONEOS_DEPLOYMENT_TARGET = 14.1;
				MTL_ENABLE_DEBUG_INFO = INCLUDE_SOURCE;
				MTL_FAST_MATH = YES;
				ONLY_ACTIVE_ARCH = YES;
				SDKROOT = iphoneos;
				SWIFT_ACTIVE_COMPILATION_CONDITIONS = DEBUG;
				SWIFT_OPTIMIZATION_LEVEL = "-Onone";
			};
			name = Debug;
		};
		5E26FBEB254B354600498EC7 /* Release */ = {
			isa = XCBuildConfiguration;
			buildSettings = {
				ALWAYS_SEARCH_USER_PATHS = NO;
				CLANG_ANALYZER_NONNULL = YES;
				CLANG_ANALYZER_NUMBER_OBJECT_CONVERSION = YES_AGGRESSIVE;
				CLANG_CXX_LANGUAGE_STANDARD = "gnu++14";
				CLANG_CXX_LIBRARY = "libc++";
				CLANG_ENABLE_MODULES = YES;
				CLANG_ENABLE_OBJC_ARC = YES;
				CLANG_ENABLE_OBJC_WEAK = YES;
				CLANG_WARN_BLOCK_CAPTURE_AUTORELEASING = YES;
				CLANG_WARN_BOOL_CONVERSION = YES;
				CLANG_WARN_COMMA = YES;
				CLANG_WARN_CONSTANT_CONVERSION = YES;
				CLANG_WARN_DEPRECATED_OBJC_IMPLEMENTATIONS = YES;
				CLANG_WARN_DIRECT_OBJC_ISA_USAGE = YES_ERROR;
				CLANG_WARN_DOCUMENTATION_COMMENTS = YES;
				CLANG_WARN_EMPTY_BODY = YES;
				CLANG_WARN_ENUM_CONVERSION = YES;
				CLANG_WARN_INFINITE_RECURSION = YES;
				CLANG_WARN_INT_CONVERSION = YES;
				CLANG_WARN_NON_LITERAL_NULL_CONVERSION = YES;
				CLANG_WARN_OBJC_IMPLICIT_RETAIN_SELF = YES;
				CLANG_WARN_OBJC_LITERAL_CONVERSION = YES;
				CLANG_WARN_OBJC_ROOT_CLASS = YES_ERROR;
				CLANG_WARN_QUOTED_INCLUDE_IN_FRAMEWORK_HEADER = YES;
				CLANG_WARN_RANGE_LOOP_ANALYSIS = YES;
				CLANG_WARN_STRICT_PROTOTYPES = YES;
				CLANG_WARN_SUSPICIOUS_MOVE = YES;
				CLANG_WARN_UNGUARDED_AVAILABILITY = YES_AGGRESSIVE;
				CLANG_WARN_UNREACHABLE_CODE = YES;
				CLANG_WARN__DUPLICATE_METHOD_MATCH = YES;
				COPY_PHASE_STRIP = NO;
				DEBUG_INFORMATION_FORMAT = "dwarf-with-dsym";
				ENABLE_NS_ASSERTIONS = NO;
				ENABLE_STRICT_OBJC_MSGSEND = YES;
				GCC_C_LANGUAGE_STANDARD = gnu11;
				GCC_NO_COMMON_BLOCKS = YES;
				GCC_WARN_64_TO_32_BIT_CONVERSION = YES;
				GCC_WARN_ABOUT_RETURN_TYPE = YES_ERROR;
				GCC_WARN_UNDECLARED_SELECTOR = YES;
				GCC_WARN_UNINITIALIZED_AUTOS = YES_AGGRESSIVE;
				GCC_WARN_UNUSED_FUNCTION = YES;
				GCC_WARN_UNUSED_VARIABLE = YES;
				IPHONEOS_DEPLOYMENT_TARGET = 14.1;
				MTL_ENABLE_DEBUG_INFO = NO;
				MTL_FAST_MATH = YES;
				SDKROOT = iphoneos;
				SWIFT_COMPILATION_MODE = wholemodule;
				SWIFT_OPTIMIZATION_LEVEL = "-O";
				VALIDATE_PRODUCT = YES;
			};
			name = Release;
		};
		5E26FBED254B354600498EC7 /* Debug */ = {
			isa = XCBuildConfiguration;
			buildSettings = {
				ALWAYS_EMBED_SWIFT_STANDARD_LIBRARIES = YES;
				ASSETCATALOG_COMPILER_APPICON_NAME = AppIcon;
				ASSETCATALOG_COMPILER_GLOBAL_ACCENT_COLOR_NAME = AccentColor;
				CODE_SIGN_ENTITLEMENTS = OtusHW13/Application/OtusHW13.entitlements;
				CODE_SIGN_STYLE = Automatic;
				DEVELOPMENT_TEAM = SDCQ43FS8W;
				INFOPLIST_FILE = OtusHW13/Application/Info.plist;
				LD_RUNPATH_SEARCH_PATHS = (
					"$(inherited)",
					"@executable_path/Frameworks",
				);
				PRODUCT_BUNDLE_IDENTIFIER = com.vladp.OtusHW13;
				PRODUCT_NAME = "$(TARGET_NAME)";
				SWIFT_VERSION = 5.0;
				TARGETED_DEVICE_FAMILY = "1,2";
			};
			name = Debug;
		};
		5E26FBEE254B354600498EC7 /* Release */ = {
			isa = XCBuildConfiguration;
			buildSettings = {
				ALWAYS_EMBED_SWIFT_STANDARD_LIBRARIES = YES;
				ASSETCATALOG_COMPILER_APPICON_NAME = AppIcon;
				ASSETCATALOG_COMPILER_GLOBAL_ACCENT_COLOR_NAME = AccentColor;
				CODE_SIGN_ENTITLEMENTS = OtusHW13/Application/OtusHW13.entitlements;
				CODE_SIGN_STYLE = Automatic;
				DEVELOPMENT_TEAM = SDCQ43FS8W;
				INFOPLIST_FILE = OtusHW13/Application/Info.plist;
				LD_RUNPATH_SEARCH_PATHS = (
					"$(inherited)",
					"@executable_path/Frameworks",
				);
				PRODUCT_BUNDLE_IDENTIFIER = com.vladp.OtusHW13;
				PRODUCT_NAME = "$(TARGET_NAME)";
				SWIFT_VERSION = 5.0;
				TARGETED_DEVICE_FAMILY = "1,2";
			};
			name = Release;
		};
		5E26FC26254DB37E00498EC7 /* Debug */ = {
			isa = XCBuildConfiguration;
			buildSettings = {
				CODE_SIGN_ENTITLEMENTS = ShareText/ShareText.entitlements;
				CODE_SIGN_STYLE = Automatic;
				DEVELOPMENT_TEAM = SDCQ43FS8W;
				INFOPLIST_FILE = ShareText/Info.plist;
				LD_RUNPATH_SEARCH_PATHS = (
					"$(inherited)",
					"@executable_path/Frameworks",
					"@executable_path/../../Frameworks",
				);
				PRODUCT_BUNDLE_IDENTIFIER = com.vladp.OtusHW13.SharedExt;
				PRODUCT_NAME = "$(TARGET_NAME)";
				SKIP_INSTALL = YES;
				SWIFT_VERSION = 5.0;
				TARGETED_DEVICE_FAMILY = "1,2";
			};
			name = Debug;
		};
		5E26FC27254DB37E00498EC7 /* Release */ = {
			isa = XCBuildConfiguration;
			buildSettings = {
				CODE_SIGN_ENTITLEMENTS = ShareText/ShareText.entitlements;
				CODE_SIGN_STYLE = Automatic;
				DEVELOPMENT_TEAM = SDCQ43FS8W;
				INFOPLIST_FILE = ShareText/Info.plist;
				LD_RUNPATH_SEARCH_PATHS = (
					"$(inherited)",
					"@executable_path/Frameworks",
					"@executable_path/../../Frameworks",
				);
				PRODUCT_BUNDLE_IDENTIFIER = com.vladp.OtusHW13.SharedExt;
				PRODUCT_NAME = "$(TARGET_NAME)";
				SKIP_INSTALL = YES;
				SWIFT_VERSION = 5.0;
				TARGETED_DEVICE_FAMILY = "1,2";
			};
			name = Release;
		};
/* End XCBuildConfiguration section */

/* Begin XCConfigurationList section */
		5E26FBD3254B354400498EC7 /* Build configuration list for PBXProject "OtusHW13" */ = {
			isa = XCConfigurationList;
			buildConfigurations = (
				5E26FBEA254B354600498EC7 /* Debug */,
				5E26FBEB254B354600498EC7 /* Release */,
			);
			defaultConfigurationIsVisible = 0;
			defaultConfigurationName = Release;
		};
		5E26FBEC254B354600498EC7 /* Build configuration list for PBXNativeTarget "OtusHW13" */ = {
			isa = XCConfigurationList;
			buildConfigurations = (
				5E26FBED254B354600498EC7 /* Debug */,
				5E26FBEE254B354600498EC7 /* Release */,
			);
			defaultConfigurationIsVisible = 0;
			defaultConfigurationName = Release;
		};
		5E26FC25254DB37E00498EC7 /* Build configuration list for PBXNativeTarget "ShareText" */ = {
			isa = XCConfigurationList;
			buildConfigurations = (
				5E26FC26254DB37E00498EC7 /* Debug */,
				5E26FC27254DB37E00498EC7 /* Release */,
			);
			defaultConfigurationIsVisible = 0;
			defaultConfigurationName = Release;
		};
/* End XCConfigurationList section */
	};
	rootObject = 5E26FBD0254B354400498EC7 /* Project object */;
}
